# This file is autogenerated, do not edit; changes may be undone by the next 'dep ensure'.


[[projects]]
  digest = "1:ca59b1175189b3f0e9f1793d2c350114be36eaabbe5b9f554b35edee1de50aea"
  name = "github.com/gorilla/mux"
  packages = ["."]
  pruneopts = "UT"
  revision = "a7962380ca08b5a188038c69871b8d3fbdf31e89"
  version = "v1.7.0"

[[projects]]
  digest = "1:755a657468d1c84411370c2220ff0fde986f7dfcad6d2b9fbadfce48483fa129"
  name = "github.com/hashicorp/packer"
  packages = [
    "common/powershell",
    "common/powershell/hyperv",
    "packer/tmp",
  ]
  pruneopts = "UT"
  revision = "542cb1d872b4fbba57f34ebb5913a266017a38df"
  version = "v1.3.5"

[[projects]]
  branch = "master"
  digest = "1:2df960a62aa15b929b5a8183196ca9a1802af6a5bac96cd09f0837c7fb06102f"
  name = "github.com/htruong/go-md2"
  packages = ["."]
  pruneopts = "UT"
  revision = "c69905b63f6f975561782d98caf92063200b6fb6"

[[projects]]
  digest = "1:c321f7496d1bbb2340c4e0a789d9d8d9b755be8cf51b865f5da042aae0f4986c"
  name = "github.com/jmcvetta/napping"
  packages = ["."]
  pruneopts = "UT"
  revision = "4c7b4b235c63152afa9a1c6384e708e0fbfd77ca"
  version = "v3.2.0"

[[projects]]
  branch = "master"
  digest = "1:fa79c05fc3ff6c8b58b1af2c6572d20f9221fe472e3bcb6994a3a03bfa561ed7"
  name = "github.com/rmxymh/go-virtualbox"
  packages = ["."]
  pruneopts = "UT"
  revision = "e1ed85288c0a02f019b48adf4ae0a58a68262775"

[solve-meta]
  analyzer-name = "dep"
  analyzer-version = 1
  input-imports = [
    "github.com/gorilla/mux",
    "github.com/hashicorp/packer/common/powershell/hyperv",
    "github.com/htruong/go-md2",
    "github.com/jmcvetta/napping",
    "github.com/rmxymh/go-virtualbox",
  ]
  solver-name = "gps-cdcl"
  solver-version = 1
